
Microsoft Visual Studio Solution File, Format Version 12.00
# Visual Studio 14
VisualStudioVersion = 14.0.23107.0
MinimumVisualStudioVersion = 10.0.40219.1
Project("{FAE04EC0-301F-11D3-BF4B-00C04F79EFBC}") = "EntidadesCompartidas", "EntidadesCompartidas\EntidadesCompartidas.csproj", "{E8E48307-7EFC-44D1-B3B4-1FE33141A6B0}"
EndProject
Project("{FAE04EC0-301F-11D3-BF4B-00C04F79EFBC}") = "Persistencia", "Persistencia\Persistencia.csproj", "{4CD2198E-91DD-4227-B340-30A9AA046251}"
EndProject
Project("{FAE04EC0-301F-11D3-BF4B-00C04F79EFBC}") = "Logica", "Logica\Logica.csproj", "{DCEBC720-EA67-4862-A977-485382F9D0D3}"
EndProject
Project("{E24C65DC-7377-472B-9ABA-BC803B73C61A}") = "Sitio", "Sitio\", "{99E50543-2F28-4BB2-B6A8-9560D2854592}"
	ProjectSection(WebsiteProperties) = preProject
		TargetFrameworkMoniker = ".NETFramework,Version%3Dv4.5.2"
		ProjectReferences = "{e8e48307-7efc-44d1-b3b4-1fe33141a6b0}|EntidadesCompartidas.dll;{dcebc720-ea67-4862-a977-485382f9d0d3}|Logica.dll;{4CD2198E-91DD-4227-B340-30A9AA046251}|Persistencia.dll;"
		Debug.AspNetCompiler.VirtualPath = "/localhost_51418"
		Debug.AspNetCompiler.PhysicalPath = "Sitio\"
		Debug.AspNetCompiler.TargetPath = "PrecompiledWeb\localhost_51418\"
		Debug.AspNetCompiler.Updateable = "true"
		Debug.AspNetCompiler.ForceOverwrite = "true"
		Debug.AspNetCompiler.FixedNames = "false"
		Debug.AspNetCompiler.Debug = "True"
		Release.AspNetCompiler.VirtualPath = "/localhost_51418"
		Release.AspNetCompiler.PhysicalPath = "Sitio\"
		Release.AspNetCompiler.TargetPath = "PrecompiledWeb\localhost_51418\"
		Release.AspNetCompiler.Updateable = "true"
		Release.AspNetCompiler.ForceOverwrite = "true"
		Release.AspNetCompiler.FixedNames = "false"
		Release.AspNetCompiler.Debug = "False"
		VWDPort = "51418"
		SlnRelativePath = "Sitio\"
		DefaultWebSiteLanguage = "Visual C#"
	EndProjectSection
EndProject
Global
	GlobalSection(SolutionConfigurationPlatforms) = preSolution
		Debug|Any CPU = Debug|Any CPU
		Release|Any CPU = Release|Any CPU
	EndGlobalSection
	GlobalSection(ProjectConfigurationPlatforms) = postSolution
		{E8E48307-7EFC-44D1-B3B4-1FE33141A6B0}.Debug|Any CPU.ActiveCfg = Debug|Any CPU
		{E8E48307-7EFC-44D1-B3B4-1FE33141A6B0}.Debug|Any CPU.Build.0 = Debug|Any CPU
		{E8E48307-7EFC-44D1-B3B4-1FE33141A6B0}.Release|Any CPU.ActiveCfg = Release|Any CPU
		{E8E48307-7EFC-44D1-B3B4-1FE33141A6B0}.Release|Any CPU.Build.0 = Release|Any CPU
		{4CD2198E-91DD-4227-B340-30A9AA046251}.Debug|Any CPU.ActiveCfg = Debug|Any CPU
		{4CD2198E-91DD-4227-B340-30A9AA046251}.Debug|Any CPU.Build.0 = Debug|Any CPU
		{4CD2198E-91DD-4227-B340-30A9AA046251}.Release|Any CPU.ActiveCfg = Release|Any CPU
		{4CD2198E-91DD-4227-B340-30A9AA046251}.Release|Any CPU.Build.0 = Release|Any CPU
		{DCEBC720-EA67-4862-A977-485382F9D0D3}.Debug|Any CPU.ActiveCfg = Debug|Any CPU
		{DCEBC720-EA67-4862-A977-485382F9D0D3}.Debug|Any CPU.Build.0 = Debug|Any CPU
		{DCEBC720-EA67-4862-A977-485382F9D0D3}.Release|Any CPU.ActiveCfg = Release|Any CPU
		{DCEBC720-EA67-4862-A977-485382F9D0D3}.Release|Any CPU.Build.0 = Release|Any CPU
		{99E50543-2F28-4BB2-B6A8-9560D2854592}.Debug|Any CPU.ActiveCfg = Debug|Any CPU
		{99E50543-2F28-4BB2-B6A8-9560D2854592}.Debug|Any CPU.Build.0 = Debug|Any CPU
		{99E50543-2F28-4BB2-B6A8-9560D2854592}.Release|Any CPU.ActiveCfg = Debug|Any CPU
		{99E50543-2F28-4BB2-B6A8-9560D2854592}.Release|Any CPU.Build.0 = Debug|Any CPU
	EndGlobalSection
	GlobalSection(SolutionProperties) = preSolution
		HideSolutionNode = FALSE
	EndGlobalSection
EndGlobal
